
Microsoft Visual Studio Solution File, Format Version 12.00
# Visual Studio Version 17
VisualStudioVersion = 17.13.35818.85
MinimumVisualStudioVersion = 10.0.40219.1
Project("{FAE04EC0-301F-11D3-BF4B-00C04F79EFBC}") = "IS_TP2", "IS_TP2.csproj", "{E2FABEB0-FCBB-40A7-B871-0994051E352B}"
EndProject
Project("{FAE04EC0-301F-11D3-BF4B-00C04F79EFBC}") = "Receiver", "..\Consumer\Consumer\Receiver.csproj", "{CF42672A-AA6D-4AE0-A647-9F919F6EC295}"
EndProject
Project("{FAE04EC0-301F-11D3-BF4B-00C04F79EFBC}") = "AppDashboard", "..\AppDashboard\AppDashboard.csproj", "{9CAE6A18-99B9-4A1B-A5B4-160CE6FA10C1}"
EndProject
Global
	GlobalSection(SolutionConfigurationPlatforms) = preSolution
		Debug|Any CPU = Debug|Any CPU
		Release|Any CPU = Release|Any CPU
	EndGlobalSection
	GlobalSection(ProjectConfigurationPlatforms) = postSolution
		{E2FABEB0-FCBB-40A7-B871-0994051E352B}.Debug|Any CPU.ActiveCfg = Debug|Any CPU
		{E2FABEB0-FCBB-40A7-B871-0994051E352B}.Debug|Any CPU.Build.0 = Debug|Any CPU
		{E2FABEB0-FCBB-40A7-B871-0994051E352B}.Release|Any CPU.ActiveCfg = Release|Any CPU
		{E2FABEB0-FCBB-40A7-B871-0994051E352B}.Release|Any CPU.Build.0 = Release|Any CPU
		{CF42672A-AA6D-4AE0-A647-9F919F6EC295}.Debug|Any CPU.ActiveCfg = Debug|Any CPU
		{CF42672A-AA6D-4AE0-A647-9F919F6EC295}.Debug|Any CPU.Build.0 = Debug|Any CPU
		{CF42672A-AA6D-4AE0-A647-9F919F6EC295}.Release|Any CPU.ActiveCfg = Release|Any CPU
		{CF42672A-AA6D-4AE0-A647-9F919F6EC295}.Release|Any CPU.Build.0 = Release|Any CPU
		{9CAE6A18-99B9-4A1B-A5B4-160CE6FA10C1}.Debug|Any CPU.ActiveCfg = Debug|Any CPU
		{9CAE6A18-99B9-4A1B-A5B4-160CE6FA10C1}.Debug|Any CPU.Build.0 = Debug|Any CPU
		{9CAE6A18-99B9-4A1B-A5B4-160CE6FA10C1}.Release|Any CPU.ActiveCfg = Release|Any CPU
		{9CAE6A18-99B9-4A1B-A5B4-160CE6FA10C1}.Release|Any CPU.Build.0 = Release|Any CPU
	EndGlobalSection
	GlobalSection(SolutionProperties) = preSolution
		HideSolutionNode = FALSE
	EndGlobalSection
	GlobalSection(ExtensibilityGlobals) = postSolution
		SolutionGuid = {30A72001-3A1E-485A-86ED-1AA28A068D8A}
	EndGlobalSection
EndGlobal
